PODS:
  - Alamofire (4.7.3)
  - BARO (2.1.1):
    - Alamofire (~> 4.7)
    - Kingfisher (~> 4.9.0)
    - SwiftyJSON (~> 4.1.0)
  - Kingfisher (4.9.0)
  - mopub-ios-sdk (5.4.0):
    - mopub-ios-sdk/MoPubSDK (= 5.4.0)
  - mopub-ios-sdk/Avid (5.4.0):
    - mopub-ios-sdk/Core
  - mopub-ios-sdk/Core (5.4.0)
  - mopub-ios-sdk/Moat (5.4.0):
    - mopub-ios-sdk/Core
  - mopub-ios-sdk/MoPubSDK (5.4.0):
    - mopub-ios-sdk/Avid
    - mopub-ios-sdk/Core
    - mopub-ios-sdk/Moat
  - SwiftyJSON (4.1.0)

DEPENDENCIES:
  - BARO (~> 2.0)
  - mopub-ios-sdk (~> 5.0)

SPEC CHECKSUMS:
  Alamofire: c7287b6e5d7da964a70935e5db17046b7fde6568
  BARO: 22416ecdfd36d587e00e840e3ea249922be0c6e9
  Kingfisher: 64539b51826b778206daa6ed815d12653caa69dd
  mopub-ios-sdk: 6e331c6cf6052426a750568578f55dd3de0a67f1
  SwiftyJSON: c29297daf073d2aa016295d5809cdd68045c39b3

PODFILE CHECKSUM: d73e4a4cd0492e0bb645ffd8a03f74ae2ef8409d

COCOAPODS: 1.4.0
